<?xml version="1.0" encoding="utf-8"?>
<Project ToolsVersion="17.0" xmlns="http://schemas.microsoft.com/developer/msbuild/2003">
  <ItemGroup>
    <CustomBuild Include="D:\项目\Simulater_FreeRTOS_CycloneDDS\cyclonedds-master\build_freertos\CMakeFiles\713532b192ac5dbe726226b72c3f7cd7\RoundTrip.c.rule">
      <Filter>CMake Rules</Filter>
    </CustomBuild>
    <CustomBuild Include="D:\项目\Simulater_FreeRTOS_CycloneDDS\cyclonedds-master\build_freertos\CMakeFiles\a68514238b0c943026b59552578314ec\RoundTrip_lib_generate.rule">
      <Filter>CMake Rules</Filter>
    </CustomBuild>
    <CustomBuild Include="D:\项目\Simulater_FreeRTOS_CycloneDDS\cyclonedds-master\examples\roundtrip\CMakeLists.txt" />
  </ItemGroup>
  <ItemGroup>
    <None Include="D:\项目\Simulater_FreeRTOS_CycloneDDS\cyclonedds-master\build_freertos\examples\roundtrip\CMakeFiles\RoundTrip_lib_generate" />
  </ItemGroup>
  <ItemGroup>
    <Filter Include="CMake Rules">
      <UniqueIdentifier>{76EB4C0B-A722-39F7-9316-9A0D39945106}</UniqueIdentifier>
    </Filter>
  </ItemGroup>
</Project>
