<?xml version="1.0" encoding="utf-8"?>
<Project ToolsVersion="17.0" xmlns="http://schemas.microsoft.com/developer/msbuild/2003">
  <ItemGroup>
    <CustomBuild Include="D:\项目\Simulater_FreeRTOS_CycloneDDS\cyclonedds-master\build_freertos\CMakeFiles\95f662293382c6120fbc9d1ffe3d07ab\Throughput.c.rule">
      <Filter>CMake Rules</Filter>
    </CustomBuild>
    <CustomBuild Include="D:\项目\Simulater_FreeRTOS_CycloneDDS\cyclonedds-master\build_freertos\CMakeFiles\26a8813f05ea8f4ca48e8b1970b1cfec\Throughput_lib_generate.rule">
      <Filter>CMake Rules</Filter>
    </CustomBuild>
    <CustomBuild Include="D:\项目\Simulater_FreeRTOS_CycloneDDS\cyclonedds-master\examples\throughput\CMakeLists.txt" />
  </ItemGroup>
  <ItemGroup>
    <None Include="D:\项目\Simulater_FreeRTOS_CycloneDDS\cyclonedds-master\build_freertos\examples\throughput\CMakeFiles\Throughput_lib_generate" />
  </ItemGroup>
  <ItemGroup>
    <Filter Include="CMake Rules">
      <UniqueIdentifier>{76EB4C0B-A722-39F7-9316-9A0D39945106}</UniqueIdentifier>
    </Filter>
  </ItemGroup>
</Project>
