<?xml version="1.0" encoding="utf-8"?>
<Project ToolsVersion="17.0" xmlns="http://schemas.microsoft.com/developer/msbuild/2003">
  <ItemGroup>
    <CustomBuild Include="D:\项目\Simulater_FreeRTOS_CycloneDDS\cyclonedds-master\build_freertos\CMakeFiles\76a3f098ea43ebc026eae7d01159434e\HelloWorldData.c.rule">
      <Filter>CMake Rules</Filter>
    </CustomBuild>
    <CustomBuild Include="D:\项目\Simulater_FreeRTOS_CycloneDDS\cyclonedds-master\build_freertos\CMakeFiles\110145df497bc1557dfe609b02e7f61c\HelloWorldData_lib_generate.rule">
      <Filter>CMake Rules</Filter>
    </CustomBuild>
    <CustomBuild Include="D:\项目\Simulater_FreeRTOS_CycloneDDS\cyclonedds-master\examples\helloworld\CMakeLists.txt" />
  </ItemGroup>
  <ItemGroup>
    <None Include="D:\项目\Simulater_FreeRTOS_CycloneDDS\cyclonedds-master\build_freertos\examples\helloworld\CMakeFiles\HelloWorldData_lib_generate" />
  </ItemGroup>
  <ItemGroup>
    <Filter Include="CMake Rules">
      <UniqueIdentifier>{76EB4C0B-A722-39F7-9316-9A0D39945106}</UniqueIdentifier>
    </Filter>
  </ItemGroup>
</Project>
