<?xml version="1.0" encoding="utf-8"?>
<Project ToolsVersion="17.0" xmlns="http://schemas.microsoft.com/developer/msbuild/2003">
  <ItemGroup>
    <ClCompile Include="D:\项目\Simulater_FreeRTOS_CycloneDDS\cyclonedds-master\src\tools\idlpp\src\directive.c">
      <Filter>Source Files</Filter>
    </ClCompile>
    <ClCompile Include="D:\项目\Simulater_FreeRTOS_CycloneDDS\cyclonedds-master\src\tools\idlpp\src\eval.c">
      <Filter>Source Files</Filter>
    </ClCompile>
    <ClCompile Include="D:\项目\Simulater_FreeRTOS_CycloneDDS\cyclonedds-master\src\tools\idlpp\src\expand.c">
      <Filter>Source Files</Filter>
    </ClCompile>
    <ClCompile Include="D:\项目\Simulater_FreeRTOS_CycloneDDS\cyclonedds-master\src\tools\idlpp\src\main.c">
      <Filter>Source Files</Filter>
    </ClCompile>
    <ClCompile Include="D:\项目\Simulater_FreeRTOS_CycloneDDS\cyclonedds-master\src\tools\idlpp\src\mbchar.c">
      <Filter>Source Files</Filter>
    </ClCompile>
    <ClCompile Include="D:\项目\Simulater_FreeRTOS_CycloneDDS\cyclonedds-master\src\tools\idlpp\src\support.c">
      <Filter>Source Files</Filter>
    </ClCompile>
    <ClCompile Include="D:\项目\Simulater_FreeRTOS_CycloneDDS\cyclonedds-master\src\tools\idlpp\src\system.c">
      <Filter>Source Files</Filter>
    </ClCompile>
  </ItemGroup>
  <ItemGroup>
    <ClInclude Include="D:\项目\Simulater_FreeRTOS_CycloneDDS\cyclonedds-master\src\tools\idlpp\src\mcpp_lib.h">
      <Filter>Header Files</Filter>
    </ClInclude>
    <ClInclude Include="D:\项目\Simulater_FreeRTOS_CycloneDDS\cyclonedds-master\src\tools\idlpp\src\mcpp_out.h">
      <Filter>Header Files</Filter>
    </ClInclude>
  </ItemGroup>
  <ItemGroup>
    <CustomBuild Include="D:\项目\Simulater_FreeRTOS_CycloneDDS\cyclonedds-master\src\tools\idlpp\CMakeLists.txt" />
  </ItemGroup>
  <ItemGroup>
    <None Include="D:\项目\Simulater_FreeRTOS_CycloneDDS\cyclonedds-master\src\tools\idlpp\src\internal.H" />
    <None Include="D:\项目\Simulater_FreeRTOS_CycloneDDS\cyclonedds-master\src\tools\idlpp\src\system.H" />
    <None Include="D:\项目\Simulater_FreeRTOS_CycloneDDS\cyclonedds-master\build_freertos\src\tools\idlpp\src\configed.H" />
  </ItemGroup>
  <ItemGroup>
    <Filter Include="Header Files">
      <UniqueIdentifier>{A0704662-DD26-33D9-A48F-28D541BCCD79}</UniqueIdentifier>
    </Filter>
    <Filter Include="Source Files">
      <UniqueIdentifier>{10D1A56B-0A41-3ED6-B58D-4584B18C5275}</UniqueIdentifier>
    </Filter>
  </ItemGroup>
</Project>
