<?xml version="1.0" encoding="utf-8"?>
<Project ToolsVersion="17.0" xmlns="http://schemas.microsoft.com/developer/msbuild/2003">
  <ItemGroup>
    <ClCompile Include="D:\项目\Simulater_FreeRTOS_CycloneDDS\cyclonedds-master\src\core\cdr\src\dds_cdrstream.c">
      <Filter>Source Files</Filter>
    </ClCompile>
    <ClCompile Include="D:\项目\Simulater_FreeRTOS_CycloneDDS\cyclonedds-master\src\core\ddsi\src\ddsi_eth.c">
      <Filter>Source Files</Filter>
    </ClCompile>
    <ClCompile Include="D:\项目\Simulater_FreeRTOS_CycloneDDS\cyclonedds-master\src\core\ddsi\src\ddsi_ssl.c">
      <Filter>Source Files</Filter>
    </ClCompile>
    <ClCompile Include="D:\项目\Simulater_FreeRTOS_CycloneDDS\cyclonedds-master\src\core\ddsi\src\ddsi_tcp.c">
      <Filter>Source Files</Filter>
    </ClCompile>
    <ClCompile Include="D:\项目\Simulater_FreeRTOS_CycloneDDS\cyclonedds-master\src\core\ddsi\src\ddsi_tran.c">
      <Filter>Source Files</Filter>
    </ClCompile>
    <ClCompile Include="D:\项目\Simulater_FreeRTOS_CycloneDDS\cyclonedds-master\src\core\ddsi\src\ddsi_udp.c">
      <Filter>Source Files</Filter>
    </ClCompile>
    <ClCompile Include="D:\项目\Simulater_FreeRTOS_CycloneDDS\cyclonedds-master\src\core\ddsi\src\ddsi_raweth.c">
      <Filter>Source Files</Filter>
    </ClCompile>
    <ClCompile Include="D:\项目\Simulater_FreeRTOS_CycloneDDS\cyclonedds-master\src\core\ddsi\src\ddsi_vnet.c">
      <Filter>Source Files</Filter>
    </ClCompile>
    <ClCompile Include="D:\项目\Simulater_FreeRTOS_CycloneDDS\cyclonedds-master\src\core\ddsi\src\ddsi_ipaddr.c">
      <Filter>Source Files</Filter>
    </ClCompile>
    <ClCompile Include="D:\项目\Simulater_FreeRTOS_CycloneDDS\cyclonedds-master\src\core\ddsi\src\ddsi_mcgroup.c">
      <Filter>Source Files</Filter>
    </ClCompile>
    <ClCompile Include="D:\项目\Simulater_FreeRTOS_CycloneDDS\cyclonedds-master\src\core\ddsi\src\ddsi_nwpart.c">
      <Filter>Source Files</Filter>
    </ClCompile>
    <ClCompile Include="D:\项目\Simulater_FreeRTOS_CycloneDDS\cyclonedds-master\src\core\ddsi\src\ddsi_security_util.c">
      <Filter>Source Files</Filter>
    </ClCompile>
    <ClCompile Include="D:\项目\Simulater_FreeRTOS_CycloneDDS\cyclonedds-master\src\core\ddsi\src\ddsi_security_omg.c">
      <Filter>Source Files</Filter>
    </ClCompile>
    <ClCompile Include="D:\项目\Simulater_FreeRTOS_CycloneDDS\cyclonedds-master\src\core\ddsi\src\ddsi_portmapping.c">
      <Filter>Source Files</Filter>
    </ClCompile>
    <ClCompile Include="D:\项目\Simulater_FreeRTOS_CycloneDDS\cyclonedds-master\src\core\ddsi\src\ddsi_handshake.c">
      <Filter>Source Files</Filter>
    </ClCompile>
    <ClCompile Include="D:\项目\Simulater_FreeRTOS_CycloneDDS\cyclonedds-master\src\core\ddsi\src\ddsi_serdata.c">
      <Filter>Source Files</Filter>
    </ClCompile>
    <ClCompile Include="D:\项目\Simulater_FreeRTOS_CycloneDDS\cyclonedds-master\src\core\ddsi\src\ddsi_serdata_cdr.c">
      <Filter>Source Files</Filter>
    </ClCompile>
    <ClCompile Include="D:\项目\Simulater_FreeRTOS_CycloneDDS\cyclonedds-master\src\core\ddsi\src\ddsi_serdata_pserop.c">
      <Filter>Source Files</Filter>
    </ClCompile>
    <ClCompile Include="D:\项目\Simulater_FreeRTOS_CycloneDDS\cyclonedds-master\src\core\ddsi\src\ddsi_serdata_plist.c">
      <Filter>Source Files</Filter>
    </ClCompile>
    <ClCompile Include="D:\项目\Simulater_FreeRTOS_CycloneDDS\cyclonedds-master\src\core\ddsi\src\ddsi_sertype.c">
      <Filter>Source Files</Filter>
    </ClCompile>
    <ClCompile Include="D:\项目\Simulater_FreeRTOS_CycloneDDS\cyclonedds-master\src\core\ddsi\src\ddsi_sertype_cdr.c">
      <Filter>Source Files</Filter>
    </ClCompile>
    <ClCompile Include="D:\项目\Simulater_FreeRTOS_CycloneDDS\cyclonedds-master\src\core\ddsi\src\ddsi_sertype_pserop.c">
      <Filter>Source Files</Filter>
    </ClCompile>
    <ClCompile Include="D:\项目\Simulater_FreeRTOS_CycloneDDS\cyclonedds-master\src\core\ddsi\src\ddsi_sertype_plist.c">
      <Filter>Source Files</Filter>
    </ClCompile>
    <ClCompile Include="D:\项目\Simulater_FreeRTOS_CycloneDDS\cyclonedds-master\src\core\ddsi\src\ddsi_statistics.c">
      <Filter>Source Files</Filter>
    </ClCompile>
    <ClCompile Include="D:\项目\Simulater_FreeRTOS_CycloneDDS\cyclonedds-master\src\core\ddsi\src\ddsi_iid.c">
      <Filter>Source Files</Filter>
    </ClCompile>
    <ClCompile Include="D:\项目\Simulater_FreeRTOS_CycloneDDS\cyclonedds-master\src\core\ddsi\src\ddsi_tkmap.c">
      <Filter>Source Files</Filter>
    </ClCompile>
    <ClCompile Include="D:\项目\Simulater_FreeRTOS_CycloneDDS\cyclonedds-master\src\core\ddsi\src\ddsi_vendor.c">
      <Filter>Source Files</Filter>
    </ClCompile>
    <ClCompile Include="D:\项目\Simulater_FreeRTOS_CycloneDDS\cyclonedds-master\src\core\ddsi\src\ddsi_threadmon.c">
      <Filter>Source Files</Filter>
    </ClCompile>
    <ClCompile Include="D:\项目\Simulater_FreeRTOS_CycloneDDS\cyclonedds-master\src\core\ddsi\src\ddsi_rhc.c">
      <Filter>Source Files</Filter>
    </ClCompile>
    <ClCompile Include="D:\项目\Simulater_FreeRTOS_CycloneDDS\cyclonedds-master\src\core\ddsi\src\ddsi_pmd.c">
      <Filter>Source Files</Filter>
    </ClCompile>
    <ClCompile Include="D:\项目\Simulater_FreeRTOS_CycloneDDS\cyclonedds-master\src\core\ddsi\src\ddsi_entity_index.c">
      <Filter>Source Files</Filter>
    </ClCompile>
    <ClCompile Include="D:\项目\Simulater_FreeRTOS_CycloneDDS\cyclonedds-master\src\core\ddsi\src\ddsi_deadline.c">
      <Filter>Source Files</Filter>
    </ClCompile>
    <ClCompile Include="D:\项目\Simulater_FreeRTOS_CycloneDDS\cyclonedds-master\src\core\ddsi\src\ddsi_deliver_locally.c">
      <Filter>Source Files</Filter>
    </ClCompile>
    <ClCompile Include="D:\项目\Simulater_FreeRTOS_CycloneDDS\cyclonedds-master\src\core\ddsi\src\ddsi_plist.c">
      <Filter>Source Files</Filter>
    </ClCompile>
    <ClCompile Include="D:\项目\Simulater_FreeRTOS_CycloneDDS\cyclonedds-master\src\core\ddsi\src\ddsi_config.c">
      <Filter>Source Files</Filter>
    </ClCompile>
    <ClCompile Include="D:\项目\Simulater_FreeRTOS_CycloneDDS\cyclonedds-master\src\core\ddsi\src\ddsi_time.c">
      <Filter>Source Files</Filter>
    </ClCompile>
    <ClCompile Include="D:\项目\Simulater_FreeRTOS_CycloneDDS\cyclonedds-master\src\core\ddsi\src\ddsi_nwinterfaces.c">
      <Filter>Source Files</Filter>
    </ClCompile>
    <ClCompile Include="D:\项目\Simulater_FreeRTOS_CycloneDDS\cyclonedds-master\src\core\ddsi\src\ddsi_acknack.c">
      <Filter>Source Files</Filter>
    </ClCompile>
    <ClCompile Include="D:\项目\Simulater_FreeRTOS_CycloneDDS\cyclonedds-master\src\core\ddsi\src\ddsi_list_genptr.c">
      <Filter>Source Files</Filter>
    </ClCompile>
    <ClCompile Include="D:\项目\Simulater_FreeRTOS_CycloneDDS\cyclonedds-master\src\core\ddsi\src\ddsi_wraddrset.c">
      <Filter>Source Files</Filter>
    </ClCompile>
    <ClCompile Include="D:\项目\Simulater_FreeRTOS_CycloneDDS\cyclonedds-master\src\core\ddsi\src\ddsi_entity.c">
      <Filter>Source Files</Filter>
    </ClCompile>
    <ClCompile Include="D:\项目\Simulater_FreeRTOS_CycloneDDS\cyclonedds-master\src\core\ddsi\src\ddsi_endpoint_match.c">
      <Filter>Source Files</Filter>
    </ClCompile>
    <ClCompile Include="D:\项目\Simulater_FreeRTOS_CycloneDDS\cyclonedds-master\src\core\ddsi\src\ddsi_participant.c">
      <Filter>Source Files</Filter>
    </ClCompile>
    <ClCompile Include="D:\项目\Simulater_FreeRTOS_CycloneDDS\cyclonedds-master\src\core\ddsi\src\ddsi_proxy_participant.c">
      <Filter>Source Files</Filter>
    </ClCompile>
    <ClCompile Include="D:\项目\Simulater_FreeRTOS_CycloneDDS\cyclonedds-master\src\core\ddsi\src\ddsi_topic.c">
      <Filter>Source Files</Filter>
    </ClCompile>
    <ClCompile Include="D:\项目\Simulater_FreeRTOS_CycloneDDS\cyclonedds-master\src\core\ddsi\src\ddsi_endpoint.c">
      <Filter>Source Files</Filter>
    </ClCompile>
    <ClCompile Include="D:\项目\Simulater_FreeRTOS_CycloneDDS\cyclonedds-master\src\core\ddsi\src\ddsi_proxy_endpoint.c">
      <Filter>Source Files</Filter>
    </ClCompile>
    <ClCompile Include="D:\项目\Simulater_FreeRTOS_CycloneDDS\cyclonedds-master\src\core\ddsi\src\ddsi_gc.c">
      <Filter>Source Files</Filter>
    </ClCompile>
    <ClCompile Include="D:\项目\Simulater_FreeRTOS_CycloneDDS\cyclonedds-master\src\core\ddsi\src\ddsi_addrset.c">
      <Filter>Source Files</Filter>
    </ClCompile>
    <ClCompile Include="D:\项目\Simulater_FreeRTOS_CycloneDDS\cyclonedds-master\src\core\ddsi\src\ddsi_bitset.c">
      <Filter>Source Files</Filter>
    </ClCompile>
    <ClCompile Include="D:\项目\Simulater_FreeRTOS_CycloneDDS\cyclonedds-master\src\core\ddsi\src\ddsi_guid.c">
      <Filter>Source Files</Filter>
    </ClCompile>
    <ClCompile Include="D:\项目\Simulater_FreeRTOS_CycloneDDS\cyclonedds-master\src\core\ddsi\src\ddsi_bswap.c">
      <Filter>Source Files</Filter>
    </ClCompile>
    <ClCompile Include="D:\项目\Simulater_FreeRTOS_CycloneDDS\cyclonedds-master\src\core\ddsi\src\ddsi_discovery.c">
      <Filter>Source Files</Filter>
    </ClCompile>
    <ClCompile Include="D:\项目\Simulater_FreeRTOS_CycloneDDS\cyclonedds-master\src\core\ddsi\src\ddsi_discovery_addrset.c">
      <Filter>Source Files</Filter>
    </ClCompile>
    <ClCompile Include="D:\项目\Simulater_FreeRTOS_CycloneDDS\cyclonedds-master\src\core\ddsi\src\ddsi_discovery_spdp.c">
      <Filter>Source Files</Filter>
    </ClCompile>
    <ClCompile Include="D:\项目\Simulater_FreeRTOS_CycloneDDS\cyclonedds-master\src\core\ddsi\src\ddsi_discovery_endpoint.c">
      <Filter>Source Files</Filter>
    </ClCompile>
    <ClCompile Include="D:\项目\Simulater_FreeRTOS_CycloneDDS\cyclonedds-master\src\core\ddsi\src\ddsi_debmon.c">
      <Filter>Source Files</Filter>
    </ClCompile>
    <ClCompile Include="D:\项目\Simulater_FreeRTOS_CycloneDDS\cyclonedds-master\src\core\ddsi\src\ddsi_init.c">
      <Filter>Source Files</Filter>
    </ClCompile>
    <ClCompile Include="D:\项目\Simulater_FreeRTOS_CycloneDDS\cyclonedds-master\src\core\ddsi\src\ddsi_lat_estim.c">
      <Filter>Source Files</Filter>
    </ClCompile>
    <ClCompile Include="D:\项目\Simulater_FreeRTOS_CycloneDDS\cyclonedds-master\src\core\ddsi\src\ddsi_lease.c">
      <Filter>Source Files</Filter>
    </ClCompile>
    <ClCompile Include="D:\项目\Simulater_FreeRTOS_CycloneDDS\cyclonedds-master\src\core\ddsi\src\ddsi_misc.c">
      <Filter>Source Files</Filter>
    </ClCompile>
    <ClCompile Include="D:\项目\Simulater_FreeRTOS_CycloneDDS\cyclonedds-master\src\core\ddsi\src\ddsi_pcap.c">
      <Filter>Source Files</Filter>
    </ClCompile>
    <ClCompile Include="D:\项目\Simulater_FreeRTOS_CycloneDDS\cyclonedds-master\src\core\ddsi\src\ddsi_qosmatch.c">
      <Filter>Source Files</Filter>
    </ClCompile>
    <ClCompile Include="D:\项目\Simulater_FreeRTOS_CycloneDDS\cyclonedds-master\src\core\ddsi\src\ddsi_radmin.c">
      <Filter>Source Files</Filter>
    </ClCompile>
    <ClCompile Include="D:\项目\Simulater_FreeRTOS_CycloneDDS\cyclonedds-master\src\core\ddsi\src\ddsi_receive.c">
      <Filter>Source Files</Filter>
    </ClCompile>
    <ClCompile Include="D:\项目\Simulater_FreeRTOS_CycloneDDS\cyclonedds-master\src\core\ddsi\src\ddsi_sockwaitset.c">
      <Filter>Source Files</Filter>
    </ClCompile>
    <ClCompile Include="D:\项目\Simulater_FreeRTOS_CycloneDDS\cyclonedds-master\src\core\ddsi\src\ddsi_spdp_schedule.c">
      <Filter>Source Files</Filter>
    </ClCompile>
    <ClCompile Include="D:\项目\Simulater_FreeRTOS_CycloneDDS\cyclonedds-master\src\core\ddsi\src\ddsi_sysdeps.c">
      <Filter>Source Files</Filter>
    </ClCompile>
    <ClCompile Include="D:\项目\Simulater_FreeRTOS_CycloneDDS\cyclonedds-master\src\core\ddsi\src\ddsi_thread.c">
      <Filter>Source Files</Filter>
    </ClCompile>
    <ClCompile Include="D:\项目\Simulater_FreeRTOS_CycloneDDS\cyclonedds-master\src\core\ddsi\src\ddsi_transmit.c">
      <Filter>Source Files</Filter>
    </ClCompile>
    <ClCompile Include="D:\项目\Simulater_FreeRTOS_CycloneDDS\cyclonedds-master\src\core\ddsi\src\ddsi_inverse_uint32_set.c">
      <Filter>Source Files</Filter>
    </ClCompile>
    <ClCompile Include="D:\项目\Simulater_FreeRTOS_CycloneDDS\cyclonedds-master\src\core\ddsi\src\ddsi_whc.c">
      <Filter>Source Files</Filter>
    </ClCompile>
    <ClCompile Include="D:\项目\Simulater_FreeRTOS_CycloneDDS\cyclonedds-master\src\core\ddsi\src\ddsi_xevent.c">
      <Filter>Source Files</Filter>
    </ClCompile>
    <ClCompile Include="D:\项目\Simulater_FreeRTOS_CycloneDDS\cyclonedds-master\src\core\ddsi\src\ddsi_xmsg.c">
      <Filter>Source Files</Filter>
    </ClCompile>
    <ClCompile Include="D:\项目\Simulater_FreeRTOS_CycloneDDS\cyclonedds-master\src\core\ddsi\src\ddsi_freelist.c">
      <Filter>Source Files</Filter>
    </ClCompile>
    <ClCompile Include="D:\项目\Simulater_FreeRTOS_CycloneDDS\cyclonedds-master\src\core\ddsi\src\ddsi_hbcontrol.c">
      <Filter>Source Files</Filter>
    </ClCompile>
    <ClCompile Include="D:\项目\Simulater_FreeRTOS_CycloneDDS\cyclonedds-master\src\core\ddsi\src\ddsi_lifespan.c">
      <Filter>Source Files</Filter>
    </ClCompile>
    <ClCompile Include="D:\项目\Simulater_FreeRTOS_CycloneDDS\cyclonedds-master\src\core\ddsi\defconfig.c">
      <Filter>Source Files</Filter>
    </ClCompile>
    <ClCompile Include="D:\项目\Simulater_FreeRTOS_CycloneDDS\cyclonedds-master\src\core\ddsc\src\dds_alloc.c">
      <Filter>Source Files</Filter>
    </ClCompile>
    <ClCompile Include="D:\项目\Simulater_FreeRTOS_CycloneDDS\cyclonedds-master\src\core\ddsc\src\dds_builtin.c">
      <Filter>Source Files</Filter>
    </ClCompile>
    <ClCompile Include="D:\项目\Simulater_FreeRTOS_CycloneDDS\cyclonedds-master\src\core\ddsc\src\dds_coherent.c">
      <Filter>Source Files</Filter>
    </ClCompile>
    <ClCompile Include="D:\项目\Simulater_FreeRTOS_CycloneDDS\cyclonedds-master\src\core\ddsc\src\dds_participant.c">
      <Filter>Source Files</Filter>
    </ClCompile>
    <ClCompile Include="D:\项目\Simulater_FreeRTOS_CycloneDDS\cyclonedds-master\src\core\ddsc\src\dds_reader.c">
      <Filter>Source Files</Filter>
    </ClCompile>
    <ClCompile Include="D:\项目\Simulater_FreeRTOS_CycloneDDS\cyclonedds-master\src\core\ddsc\src\dds_writer.c">
      <Filter>Source Files</Filter>
    </ClCompile>
    <ClCompile Include="D:\项目\Simulater_FreeRTOS_CycloneDDS\cyclonedds-master\src\core\ddsc\src\dds_init.c">
      <Filter>Source Files</Filter>
    </ClCompile>
    <ClCompile Include="D:\项目\Simulater_FreeRTOS_CycloneDDS\cyclonedds-master\src\core\ddsc\src\dds_publisher.c">
      <Filter>Source Files</Filter>
    </ClCompile>
    <ClCompile Include="D:\项目\Simulater_FreeRTOS_CycloneDDS\cyclonedds-master\src\core\ddsc\src\dds_rhc.c">
      <Filter>Source Files</Filter>
    </ClCompile>
    <ClCompile Include="D:\项目\Simulater_FreeRTOS_CycloneDDS\cyclonedds-master\src\core\ddsc\src\dds_rhc_default.c">
      <Filter>Source Files</Filter>
    </ClCompile>
    <ClCompile Include="D:\项目\Simulater_FreeRTOS_CycloneDDS\cyclonedds-master\src\core\ddsc\src\dds_domain.c">
      <Filter>Source Files</Filter>
    </ClCompile>
    <ClCompile Include="D:\项目\Simulater_FreeRTOS_CycloneDDS\cyclonedds-master\src\core\ddsc\src\dds_instance.c">
      <Filter>Source Files</Filter>
    </ClCompile>
    <ClCompile Include="D:\项目\Simulater_FreeRTOS_CycloneDDS\cyclonedds-master\src\core\ddsc\src\dds_qos.c">
      <Filter>Source Files</Filter>
    </ClCompile>
    <ClCompile Include="D:\项目\Simulater_FreeRTOS_CycloneDDS\cyclonedds-master\src\core\ddsc\src\dds_handles.c">
      <Filter>Source Files</Filter>
    </ClCompile>
    <ClCompile Include="D:\项目\Simulater_FreeRTOS_CycloneDDS\cyclonedds-master\src\core\ddsc\src\dds_entity.c">
      <Filter>Source Files</Filter>
    </ClCompile>
    <ClCompile Include="D:\项目\Simulater_FreeRTOS_CycloneDDS\cyclonedds-master\src\core\ddsc\src\dds_matched.c">
      <Filter>Source Files</Filter>
    </ClCompile>
    <ClCompile Include="D:\项目\Simulater_FreeRTOS_CycloneDDS\cyclonedds-master\src\core\ddsc\src\dds_querycond.c">
      <Filter>Source Files</Filter>
    </ClCompile>
    <ClCompile Include="D:\项目\Simulater_FreeRTOS_CycloneDDS\cyclonedds-master\src\core\ddsc\src\dds_topic.c">
      <Filter>Source Files</Filter>
    </ClCompile>
    <ClCompile Include="D:\项目\Simulater_FreeRTOS_CycloneDDS\cyclonedds-master\src\core\ddsc\src\dds_listener.c">
      <Filter>Source Files</Filter>
    </ClCompile>
    <ClCompile Include="D:\项目\Simulater_FreeRTOS_CycloneDDS\cyclonedds-master\src\core\ddsc\src\dds_read.c">
      <Filter>Source Files</Filter>
    </ClCompile>
    <ClCompile Include="D:\项目\Simulater_FreeRTOS_CycloneDDS\cyclonedds-master\src\core\ddsc\src\dds_waitset.c">
      <Filter>Source Files</Filter>
    </ClCompile>
    <ClCompile Include="D:\项目\Simulater_FreeRTOS_CycloneDDS\cyclonedds-master\src\core\ddsc\src\dds_readcond.c">
      <Filter>Source Files</Filter>
    </ClCompile>
    <ClCompile Include="D:\项目\Simulater_FreeRTOS_CycloneDDS\cyclonedds-master\src\core\ddsc\src\dds_guardcond.c">
      <Filter>Source Files</Filter>
    </ClCompile>
    <ClCompile Include="D:\项目\Simulater_FreeRTOS_CycloneDDS\cyclonedds-master\src\core\ddsc\src\dds_statistics.c">
      <Filter>Source Files</Filter>
    </ClCompile>
    <ClCompile Include="D:\项目\Simulater_FreeRTOS_CycloneDDS\cyclonedds-master\src\core\ddsc\src\dds_subscriber.c">
      <Filter>Source Files</Filter>
    </ClCompile>
    <ClCompile Include="D:\项目\Simulater_FreeRTOS_CycloneDDS\cyclonedds-master\src\core\ddsc\src\dds_write.c">
      <Filter>Source Files</Filter>
    </ClCompile>
    <ClCompile Include="D:\项目\Simulater_FreeRTOS_CycloneDDS\cyclonedds-master\src\core\ddsc\src\dds_whc.c">
      <Filter>Source Files</Filter>
    </ClCompile>
    <ClCompile Include="D:\项目\Simulater_FreeRTOS_CycloneDDS\cyclonedds-master\src\core\ddsc\src\dds_whc_builtintopic.c">
      <Filter>Source Files</Filter>
    </ClCompile>
    <ClCompile Include="D:\项目\Simulater_FreeRTOS_CycloneDDS\cyclonedds-master\src\core\ddsc\src\dds_serdata_builtintopic.c">
      <Filter>Source Files</Filter>
    </ClCompile>
    <ClCompile Include="D:\项目\Simulater_FreeRTOS_CycloneDDS\cyclonedds-master\src\core\ddsc\src\dds_sertype_builtintopic.c">
      <Filter>Source Files</Filter>
    </ClCompile>
    <ClCompile Include="D:\项目\Simulater_FreeRTOS_CycloneDDS\cyclonedds-master\src\core\ddsc\src\dds_serdata_default.c">
      <Filter>Source Files</Filter>
    </ClCompile>
    <ClCompile Include="D:\项目\Simulater_FreeRTOS_CycloneDDS\cyclonedds-master\src\core\ddsc\src\dds_sertype_default.c">
      <Filter>Source Files</Filter>
    </ClCompile>
    <ClCompile Include="D:\项目\Simulater_FreeRTOS_CycloneDDS\cyclonedds-master\src\core\ddsc\src\dds_loaned_sample.c">
      <Filter>Source Files</Filter>
    </ClCompile>
    <ClCompile Include="D:\项目\Simulater_FreeRTOS_CycloneDDS\cyclonedds-master\src\core\ddsc\src\dds_heap_loan.c">
      <Filter>Source Files</Filter>
    </ClCompile>
    <ClCompile Include="D:\项目\Simulater_FreeRTOS_CycloneDDS\cyclonedds-master\src\core\ddsc\src\dds_psmx.c">
      <Filter>Source Files</Filter>
    </ClCompile>
    <ClCompile Include="D:\项目\Simulater_FreeRTOS_CycloneDDS\cyclonedds-master\src\core\ddsc\src\dds_sysdef_parser.c">
      <Filter>Source Files</Filter>
    </ClCompile>
    <ClCompile Include="D:\项目\Simulater_FreeRTOS_CycloneDDS\cyclonedds-master\src\core\ddsc\src\dds_sysdef_validation.c">
      <Filter>Source Files</Filter>
    </ClCompile>
    <ClCompile Include="D:\项目\Simulater_FreeRTOS_CycloneDDS\cyclonedds-master\src\core\ddsc\src\dds_qos_provider.c">
      <Filter>Source Files</Filter>
    </ClCompile>
    <ClCompile Include="D:\项目\Simulater_FreeRTOS_CycloneDDS\cyclonedds-master\src\ddsrt\src\atomics.c">
      <Filter>Source Files</Filter>
    </ClCompile>
    <ClCompile Include="D:\项目\Simulater_FreeRTOS_CycloneDDS\cyclonedds-master\src\ddsrt\src\avl.c">
      <Filter>Source Files</Filter>
    </ClCompile>
    <ClCompile Include="D:\项目\Simulater_FreeRTOS_CycloneDDS\cyclonedds-master\src\ddsrt\src\dynlib.c">
      <Filter>Source Files</Filter>
    </ClCompile>
    <ClCompile Include="D:\项目\Simulater_FreeRTOS_CycloneDDS\cyclonedds-master\src\ddsrt\src\bits.c">
      <Filter>Source Files</Filter>
    </ClCompile>
    <ClCompile Include="D:\项目\Simulater_FreeRTOS_CycloneDDS\cyclonedds-master\src\ddsrt\src\bswap.c">
      <Filter>Source Files</Filter>
    </ClCompile>
    <ClCompile Include="D:\项目\Simulater_FreeRTOS_CycloneDDS\cyclonedds-master\src\ddsrt\src\io.c">
      <Filter>Source Files</Filter>
    </ClCompile>
    <ClCompile Include="D:\项目\Simulater_FreeRTOS_CycloneDDS\cyclonedds-master\src\ddsrt\src\log.c">
      <Filter>Source Files</Filter>
    </ClCompile>
    <ClCompile Include="D:\项目\Simulater_FreeRTOS_CycloneDDS\cyclonedds-master\src\ddsrt\src\retcode.c">
      <Filter>Source Files</Filter>
    </ClCompile>
    <ClCompile Include="D:\项目\Simulater_FreeRTOS_CycloneDDS\cyclonedds-master\src\ddsrt\src\strtod.c">
      <Filter>Source Files</Filter>
    </ClCompile>
    <ClCompile Include="D:\项目\Simulater_FreeRTOS_CycloneDDS\cyclonedds-master\src\ddsrt\src\strtol.c">
      <Filter>Source Files</Filter>
    </ClCompile>
    <ClCompile Include="D:\项目\Simulater_FreeRTOS_CycloneDDS\cyclonedds-master\src\ddsrt\src\mh3.c">
      <Filter>Source Files</Filter>
    </ClCompile>
    <ClCompile Include="D:\项目\Simulater_FreeRTOS_CycloneDDS\cyclonedds-master\src\ddsrt\src\environ.c">
      <Filter>Source Files</Filter>
    </ClCompile>
    <ClCompile Include="D:\项目\Simulater_FreeRTOS_CycloneDDS\cyclonedds-master\src\ddsrt\src\expand_vars.c">
      <Filter>Source Files</Filter>
    </ClCompile>
    <ClCompile Include="D:\项目\Simulater_FreeRTOS_CycloneDDS\cyclonedds-master\src\ddsrt\src\fibheap.c">
      <Filter>Source Files</Filter>
    </ClCompile>
    <ClCompile Include="D:\项目\Simulater_FreeRTOS_CycloneDDS\cyclonedds-master\src\ddsrt\src\hopscotch.c">
      <Filter>Source Files</Filter>
    </ClCompile>
    <ClCompile Include="D:\项目\Simulater_FreeRTOS_CycloneDDS\cyclonedds-master\src\ddsrt\src\circlist.c">
      <Filter>Source Files</Filter>
    </ClCompile>
    <ClCompile Include="D:\项目\Simulater_FreeRTOS_CycloneDDS\cyclonedds-master\src\ddsrt\src\threads.c">
      <Filter>Source Files</Filter>
    </ClCompile>
    <ClCompile Include="D:\项目\Simulater_FreeRTOS_CycloneDDS\cyclonedds-master\src\ddsrt\src\string.c">
      <Filter>Source Files</Filter>
    </ClCompile>
    <ClCompile Include="D:\项目\Simulater_FreeRTOS_CycloneDDS\cyclonedds-master\src\ddsrt\src\sockets.c">
      <Filter>Source Files</Filter>
    </ClCompile>
    <ClCompile Include="D:\项目\Simulater_FreeRTOS_CycloneDDS\cyclonedds-master\src\ddsrt\src\md5.c">
      <Filter>Source Files</Filter>
    </ClCompile>
    <ClCompile Include="D:\项目\Simulater_FreeRTOS_CycloneDDS\cyclonedds-master\src\ddsrt\src\xmlparser.c">
      <Filter>Source Files</Filter>
    </ClCompile>
    <ClCompile Include="D:\项目\Simulater_FreeRTOS_CycloneDDS\cyclonedds-master\src\ddsrt\src\ifaddrs.c">
      <Filter>Source Files</Filter>
    </ClCompile>
    <ClCompile Include="D:\项目\Simulater_FreeRTOS_CycloneDDS\cyclonedds-master\src\ddsrt\src\cdtors.c">
      <Filter>Source Files</Filter>
    </ClCompile>
    <ClCompile Include="D:\项目\Simulater_FreeRTOS_CycloneDDS\cyclonedds-master\src\ddsrt\src\random.c">
      <Filter>Source Files</Filter>
    </ClCompile>
    <ClCompile Include="D:\项目\Simulater_FreeRTOS_CycloneDDS\cyclonedds-master\src\ddsrt\src\time.c">
      <Filter>Source Files</Filter>
    </ClCompile>
    <ClCompile Include="D:\项目\Simulater_FreeRTOS_CycloneDDS\cyclonedds-master\src\ddsrt\src\ifaddrs\windows\ifaddrs.c">
      <Filter>Source Files</Filter>
    </ClCompile>
    <ClCompile Include="D:\项目\Simulater_FreeRTOS_CycloneDDS\cyclonedds-master\src\ddsrt\src\sockets\windows\socket.c">
      <Filter>Source Files</Filter>
    </ClCompile>
    <ClCompile Include="D:\项目\Simulater_FreeRTOS_CycloneDDS\cyclonedds-master\src\ddsrt\src\sockets\windows\gethostname.c">
      <Filter>Source Files</Filter>
    </ClCompile>
    <ClCompile Include="D:\项目\Simulater_FreeRTOS_CycloneDDS\cyclonedds-master\src\ddsrt\src\environ\posix\environ.c">
      <Filter>Source Files</Filter>
    </ClCompile>
    <ClCompile Include="D:\项目\Simulater_FreeRTOS_CycloneDDS\cyclonedds-master\src\ddsrt\src\heap\freertos\heap.c">
      <Filter>Source Files</Filter>
    </ClCompile>
    <ClCompile Include="D:\项目\Simulater_FreeRTOS_CycloneDDS\cyclonedds-master\src\ddsrt\src\sync\freertos\sync.c">
      <Filter>Source Files</Filter>
    </ClCompile>
    <ClCompile Include="D:\项目\Simulater_FreeRTOS_CycloneDDS\cyclonedds-master\src\ddsrt\src\sync\freertos\tasklist.c">
      <Filter>Source Files</Filter>
    </ClCompile>
    <ClCompile Include="D:\项目\Simulater_FreeRTOS_CycloneDDS\cyclonedds-master\src\ddsrt\src\threads\freertos\threads.c">
      <Filter>Source Files</Filter>
    </ClCompile>
    <ClCompile Include="D:\项目\Simulater_FreeRTOS_CycloneDDS\cyclonedds-master\src\ddsrt\src\time\freertos\time.c">
      <Filter>Source Files</Filter>
    </ClCompile>
    <ClCompile Include="D:\项目\Simulater_FreeRTOS_CycloneDDS\cyclonedds-master\src\ddsrt\src\process\freertos\process.c">
      <Filter>Source Files</Filter>
    </ClCompile>
    <ClCompile Include="D:\项目\Simulater_FreeRTOS_CycloneDDS\cyclonedds-master\src\ddsrt\src\random\posix\random.c">
      <Filter>Source Files</Filter>
    </ClCompile>
  </ItemGroup>
  <ItemGroup>
    <ClInclude Include="D:\项目\Simulater_FreeRTOS_CycloneDDS\cyclonedds-master\src\core\cdr\src\dds_cdrstream_keys.part.h">
      <Filter>Header Files</Filter>
    </ClInclude>
    <ClInclude Include="D:\项目\Simulater_FreeRTOS_CycloneDDS\cyclonedds-master\src\core\cdr\src\dds_cdrstream_write.part.h">
      <Filter>Header Files</Filter>
    </ClInclude>
    <ClInclude Include="D:\项目\Simulater_FreeRTOS_CycloneDDS\cyclonedds-master\src\core\cdr\include\dds\cdr\dds_cdrstream.h">
      <Filter>Header Files</Filter>
    </ClInclude>
    <ClInclude Include="D:\项目\Simulater_FreeRTOS_CycloneDDS\cyclonedds-master\src\core\ddsi\src\ddsi__acknack.h">
      <Filter>Header Files</Filter>
    </ClInclude>
    <ClInclude Include="D:\项目\Simulater_FreeRTOS_CycloneDDS\cyclonedds-master\src\core\ddsi\src\ddsi__cfgelems.h">
      <Filter>Header Files</Filter>
    </ClInclude>
    <ClInclude Include="D:\项目\Simulater_FreeRTOS_CycloneDDS\cyclonedds-master\src\core\ddsi\src\ddsi__config_impl.h">
      <Filter>Header Files</Filter>
    </ClInclude>
    <ClInclude Include="D:\项目\Simulater_FreeRTOS_CycloneDDS\cyclonedds-master\src\core\ddsi\src\ddsi__deliver_locally.h">
      <Filter>Header Files</Filter>
    </ClInclude>
    <ClInclude Include="D:\项目\Simulater_FreeRTOS_CycloneDDS\cyclonedds-master\src\core\ddsi\src\ddsi__endpoint.h">
      <Filter>Header Files</Filter>
    </ClInclude>
    <ClInclude Include="D:\项目\Simulater_FreeRTOS_CycloneDDS\cyclonedds-master\src\core\ddsi\src\ddsi__entity_index.h">
      <Filter>Header Files</Filter>
    </ClInclude>
    <ClInclude Include="D:\项目\Simulater_FreeRTOS_CycloneDDS\cyclonedds-master\src\core\ddsi\src\ddsi__endpoint_match.h">
      <Filter>Header Files</Filter>
    </ClInclude>
    <ClInclude Include="D:\项目\Simulater_FreeRTOS_CycloneDDS\cyclonedds-master\src\core\ddsi\src\ddsi__entity.h">
      <Filter>Header Files</Filter>
    </ClInclude>
    <ClInclude Include="D:\项目\Simulater_FreeRTOS_CycloneDDS\cyclonedds-master\src\core\ddsi\src\ddsi__gc.h">
      <Filter>Header Files</Filter>
    </ClInclude>
    <ClInclude Include="D:\项目\Simulater_FreeRTOS_CycloneDDS\cyclonedds-master\src\core\ddsi\src\ddsi__handshake.h">
      <Filter>Header Files</Filter>
    </ClInclude>
    <ClInclude Include="D:\项目\Simulater_FreeRTOS_CycloneDDS\cyclonedds-master\src\core\ddsi\src\ddsi__ipaddr.h">
      <Filter>Header Files</Filter>
    </ClInclude>
    <ClInclude Include="D:\项目\Simulater_FreeRTOS_CycloneDDS\cyclonedds-master\src\core\ddsi\src\ddsi__list_tmpl.h">
      <Filter>Header Files</Filter>
    </ClInclude>
    <ClInclude Include="D:\项目\Simulater_FreeRTOS_CycloneDDS\cyclonedds-master\src\core\ddsi\src\ddsi__list_genptr.h">
      <Filter>Header Files</Filter>
    </ClInclude>
    <ClInclude Include="D:\项目\Simulater_FreeRTOS_CycloneDDS\cyclonedds-master\src\core\ddsi\src\ddsi__mcgroup.h">
      <Filter>Header Files</Filter>
    </ClInclude>
    <ClInclude Include="D:\项目\Simulater_FreeRTOS_CycloneDDS\cyclonedds-master\src\core\ddsi\src\ddsi__nwpart.h">
      <Filter>Header Files</Filter>
    </ClInclude>
    <ClInclude Include="D:\项目\Simulater_FreeRTOS_CycloneDDS\cyclonedds-master\src\core\ddsi\src\ddsi__nwinterfaces.h">
      <Filter>Header Files</Filter>
    </ClInclude>
    <ClInclude Include="D:\项目\Simulater_FreeRTOS_CycloneDDS\cyclonedds-master\src\core\ddsi\src\ddsi__participant.h">
      <Filter>Header Files</Filter>
    </ClInclude>
    <ClInclude Include="D:\项目\Simulater_FreeRTOS_CycloneDDS\cyclonedds-master\src\core\ddsi\src\ddsi__plist_context_kind.h">
      <Filter>Header Files</Filter>
    </ClInclude>
    <ClInclude Include="D:\项目\Simulater_FreeRTOS_CycloneDDS\cyclonedds-master\src\core\ddsi\src\ddsi__plist_generic.h">
      <Filter>Header Files</Filter>
    </ClInclude>
    <ClInclude Include="D:\项目\Simulater_FreeRTOS_CycloneDDS\cyclonedds-master\src\core\ddsi\src\ddsi__serdata_pserop.h">
      <Filter>Header Files</Filter>
    </ClInclude>
    <ClInclude Include="D:\项目\Simulater_FreeRTOS_CycloneDDS\cyclonedds-master\src\core\ddsi\src\ddsi__pmd.h">
      <Filter>Header Files</Filter>
    </ClInclude>
    <ClInclude Include="D:\项目\Simulater_FreeRTOS_CycloneDDS\cyclonedds-master\src\core\ddsi\src\ddsi__plist.h">
      <Filter>Header Files</Filter>
    </ClInclude>
    <ClInclude Include="D:\项目\Simulater_FreeRTOS_CycloneDDS\cyclonedds-master\src\core\ddsi\src\ddsi__portmapping.h">
      <Filter>Header Files</Filter>
    </ClInclude>
    <ClInclude Include="D:\项目\Simulater_FreeRTOS_CycloneDDS\cyclonedds-master\src\core\ddsi\src\ddsi__proxy_endpoint.h">
      <Filter>Header Files</Filter>
    </ClInclude>
    <ClInclude Include="D:\项目\Simulater_FreeRTOS_CycloneDDS\cyclonedds-master\src\core\ddsi\src\ddsi__proxy_participant.h">
      <Filter>Header Files</Filter>
    </ClInclude>
    <ClInclude Include="D:\项目\Simulater_FreeRTOS_CycloneDDS\cyclonedds-master\src\core\ddsi\src\ddsi__raweth.h">
      <Filter>Header Files</Filter>
    </ClInclude>
    <ClInclude Include="D:\项目\Simulater_FreeRTOS_CycloneDDS\cyclonedds-master\src\core\ddsi\src\ddsi__rhc.h">
      <Filter>Header Files</Filter>
    </ClInclude>
    <ClInclude Include="D:\项目\Simulater_FreeRTOS_CycloneDDS\cyclonedds-master\src\core\ddsi\src\ddsi__security_omg.h">
      <Filter>Header Files</Filter>
    </ClInclude>
    <ClInclude Include="D:\项目\Simulater_FreeRTOS_CycloneDDS\cyclonedds-master\src\core\ddsi\src\ddsi__security_util.h">
      <Filter>Header Files</Filter>
    </ClInclude>
    <ClInclude Include="D:\项目\Simulater_FreeRTOS_CycloneDDS\cyclonedds-master\src\core\ddsi\src\ddsi__serdata_cdr.h">
      <Filter>Header Files</Filter>
    </ClInclude>
    <ClInclude Include="D:\项目\Simulater_FreeRTOS_CycloneDDS\cyclonedds-master\src\core\ddsi\src\ddsi__serdata_plist.h">
      <Filter>Header Files</Filter>
    </ClInclude>
    <ClInclude Include="D:\项目\Simulater_FreeRTOS_CycloneDDS\cyclonedds-master\src\core\ddsi\src\ddsi__ssl.h">
      <Filter>Header Files</Filter>
    </ClInclude>
    <ClInclude Include="D:\项目\Simulater_FreeRTOS_CycloneDDS\cyclonedds-master\src\core\ddsi\src\ddsi__sysdeps.h">
      <Filter>Header Files</Filter>
    </ClInclude>
    <ClInclude Include="D:\项目\Simulater_FreeRTOS_CycloneDDS\cyclonedds-master\src\core\ddsi\src\ddsi__tcp.h">
      <Filter>Header Files</Filter>
    </ClInclude>
    <ClInclude Include="D:\项目\Simulater_FreeRTOS_CycloneDDS\cyclonedds-master\src\core\ddsi\src\ddsi__protocol.h">
      <Filter>Header Files</Filter>
    </ClInclude>
    <ClInclude Include="D:\项目\Simulater_FreeRTOS_CycloneDDS\cyclonedds-master\src\core\ddsi\src\ddsi__time.h">
      <Filter>Header Files</Filter>
    </ClInclude>
    <ClInclude Include="D:\项目\Simulater_FreeRTOS_CycloneDDS\cyclonedds-master\src\core\ddsi\src\ddsi__topic.h">
      <Filter>Header Files</Filter>
    </ClInclude>
    <ClInclude Include="D:\项目\Simulater_FreeRTOS_CycloneDDS\cyclonedds-master\src\core\ddsi\src\ddsi__tran.h">
      <Filter>Header Files</Filter>
    </ClInclude>
    <ClInclude Include="D:\项目\Simulater_FreeRTOS_CycloneDDS\cyclonedds-master\src\core\ddsi\src\ddsi__udp.h">
      <Filter>Header Files</Filter>
    </ClInclude>
    <ClInclude Include="D:\项目\Simulater_FreeRTOS_CycloneDDS\cyclonedds-master\src\core\ddsi\src\ddsi__vendor.h">
      <Filter>Header Files</Filter>
    </ClInclude>
    <ClInclude Include="D:\项目\Simulater_FreeRTOS_CycloneDDS\cyclonedds-master\src\core\ddsi\src\ddsi__vnet.h">
      <Filter>Header Files</Filter>
    </ClInclude>
    <ClInclude Include="D:\项目\Simulater_FreeRTOS_CycloneDDS\cyclonedds-master\src\core\ddsi\src\ddsi__wraddrset.h">
      <Filter>Header Files</Filter>
    </ClInclude>
    <ClInclude Include="D:\项目\Simulater_FreeRTOS_CycloneDDS\cyclonedds-master\src\core\ddsi\src\ddsi__xqos.h">
      <Filter>Header Files</Filter>
    </ClInclude>
    <ClInclude Include="D:\项目\Simulater_FreeRTOS_CycloneDDS\cyclonedds-master\src\core\ddsi\src\ddsi__addrset.h">
      <Filter>Header Files</Filter>
    </ClInclude>
    <ClInclude Include="D:\项目\Simulater_FreeRTOS_CycloneDDS\cyclonedds-master\src\core\ddsi\src\ddsi__bitset.h">
      <Filter>Header Files</Filter>
    </ClInclude>
    <ClInclude Include="D:\项目\Simulater_FreeRTOS_CycloneDDS\cyclonedds-master\src\core\ddsi\src\ddsi__bswap.h">
      <Filter>Header Files</Filter>
    </ClInclude>
    <ClInclude Include="D:\项目\Simulater_FreeRTOS_CycloneDDS\cyclonedds-master\src\core\ddsi\src\ddsi__discovery.h">
      <Filter>Header Files</Filter>
    </ClInclude>
    <ClInclude Include="D:\项目\Simulater_FreeRTOS_CycloneDDS\cyclonedds-master\src\core\ddsi\src\ddsi__discovery_addrset.h">
      <Filter>Header Files</Filter>
    </ClInclude>
    <ClInclude Include="D:\项目\Simulater_FreeRTOS_CycloneDDS\cyclonedds-master\src\core\ddsi\src\ddsi__discovery_spdp.h">
      <Filter>Header Files</Filter>
    </ClInclude>
    <ClInclude Include="D:\项目\Simulater_FreeRTOS_CycloneDDS\cyclonedds-master\src\core\ddsi\src\ddsi__discovery_endpoint.h">
      <Filter>Header Files</Filter>
    </ClInclude>
    <ClInclude Include="D:\项目\Simulater_FreeRTOS_CycloneDDS\cyclonedds-master\src\core\ddsi\src\ddsi__debmon.h">
      <Filter>Header Files</Filter>
    </ClInclude>
    <ClInclude Include="D:\项目\Simulater_FreeRTOS_CycloneDDS\cyclonedds-master\src\core\ddsi\src\ddsi__hbcontrol.h">
      <Filter>Header Files</Filter>
    </ClInclude>
    <ClInclude Include="D:\项目\Simulater_FreeRTOS_CycloneDDS\cyclonedds-master\src\core\ddsi\src\ddsi__inverse_uint32_set.h">
      <Filter>Header Files</Filter>
    </ClInclude>
    <ClInclude Include="D:\项目\Simulater_FreeRTOS_CycloneDDS\cyclonedds-master\src\core\ddsi\src\ddsi__lat_estim.h">
      <Filter>Header Files</Filter>
    </ClInclude>
    <ClInclude Include="D:\项目\Simulater_FreeRTOS_CycloneDDS\cyclonedds-master\src\core\ddsi\src\ddsi__lease.h">
      <Filter>Header Files</Filter>
    </ClInclude>
    <ClInclude Include="D:\项目\Simulater_FreeRTOS_CycloneDDS\cyclonedds-master\src\core\ddsi\src\ddsi__misc.h">
      <Filter>Header Files</Filter>
    </ClInclude>
    <ClInclude Include="D:\项目\Simulater_FreeRTOS_CycloneDDS\cyclonedds-master\src\core\ddsi\src\ddsi__pcap.h">
      <Filter>Header Files</Filter>
    </ClInclude>
    <ClInclude Include="D:\项目\Simulater_FreeRTOS_CycloneDDS\cyclonedds-master\src\core\ddsi\src\ddsi__radmin.h">
      <Filter>Header Files</Filter>
    </ClInclude>
    <ClInclude Include="D:\项目\Simulater_FreeRTOS_CycloneDDS\cyclonedds-master\src\core\ddsi\src\ddsi__receive.h">
      <Filter>Header Files</Filter>
    </ClInclude>
    <ClInclude Include="D:\项目\Simulater_FreeRTOS_CycloneDDS\cyclonedds-master\src\core\ddsi\src\ddsi__sockwaitset.h">
      <Filter>Header Files</Filter>
    </ClInclude>
    <ClInclude Include="D:\项目\Simulater_FreeRTOS_CycloneDDS\cyclonedds-master\src\core\ddsi\src\ddsi__spdp_schedule.h">
      <Filter>Header Files</Filter>
    </ClInclude>
    <ClInclude Include="D:\项目\Simulater_FreeRTOS_CycloneDDS\cyclonedds-master\src\core\ddsi\src\ddsi__thread.h">
      <Filter>Header Files</Filter>
    </ClInclude>
    <ClInclude Include="D:\项目\Simulater_FreeRTOS_CycloneDDS\cyclonedds-master\src\core\ddsi\src\ddsi__transmit.h">
      <Filter>Header Files</Filter>
    </ClInclude>
    <ClInclude Include="D:\项目\Simulater_FreeRTOS_CycloneDDS\cyclonedds-master\src\core\ddsi\src\ddsi__whc.h">
      <Filter>Header Files</Filter>
    </ClInclude>
    <ClInclude Include="D:\项目\Simulater_FreeRTOS_CycloneDDS\cyclonedds-master\src\core\ddsi\src\ddsi__xevent.h">
      <Filter>Header Files</Filter>
    </ClInclude>
    <ClInclude Include="D:\项目\Simulater_FreeRTOS_CycloneDDS\cyclonedds-master\src\core\ddsi\src\ddsi__xmsg.h">
      <Filter>Header Files</Filter>
    </ClInclude>
    <ClInclude Include="D:\项目\Simulater_FreeRTOS_CycloneDDS\cyclonedds-master\src\core\ddsi\src\ddsi__log.h">
      <Filter>Header Files</Filter>
    </ClInclude>
    <ClInclude Include="D:\项目\Simulater_FreeRTOS_CycloneDDS\cyclonedds-master\src\core\ddsi\include\dds\ddsi\ddsi_tran.h">
      <Filter>Header Files</Filter>
    </ClInclude>
    <ClInclude Include="D:\项目\Simulater_FreeRTOS_CycloneDDS\cyclonedds-master\src\core\ddsi\include\dds\ddsi\ddsi_locator.h">
      <Filter>Header Files</Filter>
    </ClInclude>
    <ClInclude Include="D:\项目\Simulater_FreeRTOS_CycloneDDS\cyclonedds-master\src\core\ddsi\include\dds\ddsi\ddsi_security_omg.h">
      <Filter>Header Files</Filter>
    </ClInclude>
    <ClInclude Include="D:\项目\Simulater_FreeRTOS_CycloneDDS\cyclonedds-master\src\core\ddsi\include\dds\ddsi\ddsi_portmapping.h">
      <Filter>Header Files</Filter>
    </ClInclude>
    <ClInclude Include="D:\项目\Simulater_FreeRTOS_CycloneDDS\cyclonedds-master\src\core\ddsi\include\dds\ddsi\ddsi_serdata.h">
      <Filter>Header Files</Filter>
    </ClInclude>
    <ClInclude Include="D:\项目\Simulater_FreeRTOS_CycloneDDS\cyclonedds-master\src\core\ddsi\include\dds\ddsi\ddsi_sertype.h">
      <Filter>Header Files</Filter>
    </ClInclude>
    <ClInclude Include="D:\项目\Simulater_FreeRTOS_CycloneDDS\cyclonedds-master\src\core\ddsi\include\dds\ddsi\ddsi_statistics.h">
      <Filter>Header Files</Filter>
    </ClInclude>
    <ClInclude Include="D:\项目\Simulater_FreeRTOS_CycloneDDS\cyclonedds-master\src\core\ddsi\include\dds\ddsi\ddsi_iid.h">
      <Filter>Header Files</Filter>
    </ClInclude>
    <ClInclude Include="D:\项目\Simulater_FreeRTOS_CycloneDDS\cyclonedds-master\src\core\ddsi\include\dds\ddsi\ddsi_tkmap.h">
      <Filter>Header Files</Filter>
    </ClInclude>
    <ClInclude Include="D:\项目\Simulater_FreeRTOS_CycloneDDS\cyclonedds-master\src\core\ddsi\include\dds\ddsi\ddsi_threadmon.h">
      <Filter>Header Files</Filter>
    </ClInclude>
    <ClInclude Include="D:\项目\Simulater_FreeRTOS_CycloneDDS\cyclonedds-master\src\core\ddsi\include\dds\ddsi\ddsi_builtin_topic_if.h">
      <Filter>Header Files</Filter>
    </ClInclude>
    <ClInclude Include="D:\项目\Simulater_FreeRTOS_CycloneDDS\cyclonedds-master\src\core\ddsi\include\dds\ddsi\ddsi_rhc.h">
      <Filter>Header Files</Filter>
    </ClInclude>
    <ClInclude Include="D:\项目\Simulater_FreeRTOS_CycloneDDS\cyclonedds-master\src\core\ddsi\include\dds\ddsi\ddsi_guid.h">
      <Filter>Header Files</Filter>
    </ClInclude>
    <ClInclude Include="D:\项目\Simulater_FreeRTOS_CycloneDDS\cyclonedds-master\src\core\ddsi\include\dds\ddsi\ddsi_keyhash.h">
      <Filter>Header Files</Filter>
    </ClInclude>
    <ClInclude Include="D:\项目\Simulater_FreeRTOS_CycloneDDS\cyclonedds-master\src\core\ddsi\include\dds\ddsi\ddsi_entity_index.h">
      <Filter>Header Files</Filter>
    </ClInclude>
    <ClInclude Include="D:\项目\Simulater_FreeRTOS_CycloneDDS\cyclonedds-master\src\core\ddsi\include\dds\ddsi\ddsi_deadline.h">
      <Filter>Header Files</Filter>
    </ClInclude>
    <ClInclude Include="D:\项目\Simulater_FreeRTOS_CycloneDDS\cyclonedds-master\src\core\ddsi\include\dds\ddsi\ddsi_deliver_locally.h">
      <Filter>Header Files</Filter>
    </ClInclude>
    <ClInclude Include="D:\项目\Simulater_FreeRTOS_CycloneDDS\cyclonedds-master\src\core\ddsi\include\dds\ddsi\ddsi_domaingv.h">
      <Filter>Header Files</Filter>
    </ClInclude>
    <ClInclude Include="D:\项目\Simulater_FreeRTOS_CycloneDDS\cyclonedds-master\src\core\ddsi\include\dds\ddsi\ddsi_plist.h">
      <Filter>Header Files</Filter>
    </ClInclude>
    <ClInclude Include="D:\项目\Simulater_FreeRTOS_CycloneDDS\cyclonedds-master\src\core\ddsi\include\dds\ddsi\ddsi_xqos.h">
      <Filter>Header Files</Filter>
    </ClInclude>
    <ClInclude Include="D:\项目\Simulater_FreeRTOS_CycloneDDS\cyclonedds-master\src\core\ddsi\include\dds\ddsi\ddsi_nwinterfaces.h">
      <Filter>Header Files</Filter>
    </ClInclude>
    <ClInclude Include="D:\项目\Simulater_FreeRTOS_CycloneDDS\cyclonedds-master\src\core\ddsi\include\dds\ddsi\ddsi_config.h">
      <Filter>Header Files</Filter>
    </ClInclude>
    <ClInclude Include="D:\项目\Simulater_FreeRTOS_CycloneDDS\cyclonedds-master\src\core\ddsi\include\dds\ddsi\ddsi_entity.h">
      <Filter>Header Files</Filter>
    </ClInclude>
    <ClInclude Include="D:\项目\Simulater_FreeRTOS_CycloneDDS\cyclonedds-master\src\core\ddsi\include\dds\ddsi\ddsi_endpoint_match.h">
      <Filter>Header Files</Filter>
    </ClInclude>
    <ClInclude Include="D:\项目\Simulater_FreeRTOS_CycloneDDS\cyclonedds-master\src\core\ddsi\include\dds\ddsi\ddsi_participant.h">
      <Filter>Header Files</Filter>
    </ClInclude>
    <ClInclude Include="D:\项目\Simulater_FreeRTOS_CycloneDDS\cyclonedds-master\src\core\ddsi\include\dds\ddsi\ddsi_proxy_participant.h">
      <Filter>Header Files</Filter>
    </ClInclude>
    <ClInclude Include="D:\项目\Simulater_FreeRTOS_CycloneDDS\cyclonedds-master\src\core\ddsi\include\dds\ddsi\ddsi_topic.h">
      <Filter>Header Files</Filter>
    </ClInclude>
    <ClInclude Include="D:\项目\Simulater_FreeRTOS_CycloneDDS\cyclonedds-master\src\core\ddsi\include\dds\ddsi\ddsi_endpoint.h">
      <Filter>Header Files</Filter>
    </ClInclude>
    <ClInclude Include="D:\项目\Simulater_FreeRTOS_CycloneDDS\cyclonedds-master\src\core\ddsi\include\dds\ddsi\ddsi_proxy_endpoint.h">
      <Filter>Header Files</Filter>
    </ClInclude>
    <ClInclude Include="D:\项目\Simulater_FreeRTOS_CycloneDDS\cyclonedds-master\src\core\ddsi\include\dds\ddsi\ddsi_gc.h">
      <Filter>Header Files</Filter>
    </ClInclude>
    <ClInclude Include="D:\项目\Simulater_FreeRTOS_CycloneDDS\cyclonedds-master\src\core\ddsi\include\dds\ddsi\ddsi_pmd.h">
      <Filter>Header Files</Filter>
    </ClInclude>
    <ClInclude Include="D:\项目\Simulater_FreeRTOS_CycloneDDS\cyclonedds-master\src\core\ddsi\include\dds\ddsi\ddsi_protocol.h">
      <Filter>Header Files</Filter>
    </ClInclude>
    <ClInclude Include="D:\项目\Simulater_FreeRTOS_CycloneDDS\cyclonedds-master\src\core\ddsi\include\dds\ddsi\ddsi_addrset.h">
      <Filter>Header Files</Filter>
    </ClInclude>
    <ClInclude Include="D:\项目\Simulater_FreeRTOS_CycloneDDS\cyclonedds-master\src\core\ddsi\include\dds\ddsi\ddsi_feature_check.h">
      <Filter>Header Files</Filter>
    </ClInclude>
    <ClInclude Include="D:\项目\Simulater_FreeRTOS_CycloneDDS\cyclonedds-master\src\core\ddsi\include\dds\ddsi\ddsi_freelist.h">
      <Filter>Header Files</Filter>
    </ClInclude>
    <ClInclude Include="D:\项目\Simulater_FreeRTOS_CycloneDDS\cyclonedds-master\src\core\ddsi\include\dds\ddsi\ddsi_hbcontrol.h">
      <Filter>Header Files</Filter>
    </ClInclude>
    <ClInclude Include="D:\项目\Simulater_FreeRTOS_CycloneDDS\cyclonedds-master\src\core\ddsi\include\dds\ddsi\ddsi_inverse_uint32_set.h">
      <Filter>Header Files</Filter>
    </ClInclude>
    <ClInclude Include="D:\项目\Simulater_FreeRTOS_CycloneDDS\cyclonedds-master\src\core\ddsi\include\dds\ddsi\ddsi_lat_estim.h">
      <Filter>Header Files</Filter>
    </ClInclude>
    <ClInclude Include="D:\项目\Simulater_FreeRTOS_CycloneDDS\cyclonedds-master\src\core\ddsi\include\dds\ddsi\ddsi_lease.h">
      <Filter>Header Files</Filter>
    </ClInclude>
    <ClInclude Include="D:\项目\Simulater_FreeRTOS_CycloneDDS\cyclonedds-master\src\core\ddsi\include\dds\ddsi\ddsi_log.h">
      <Filter>Header Files</Filter>
    </ClInclude>
    <ClInclude Include="D:\项目\Simulater_FreeRTOS_CycloneDDS\cyclonedds-master\src\core\ddsi\include\dds\ddsi\ddsi_qosmatch.h">
      <Filter>Header Files</Filter>
    </ClInclude>
    <ClInclude Include="D:\项目\Simulater_FreeRTOS_CycloneDDS\cyclonedds-master\src\core\ddsi\include\dds\ddsi\ddsi_radmin.h">
      <Filter>Header Files</Filter>
    </ClInclude>
    <ClInclude Include="D:\项目\Simulater_FreeRTOS_CycloneDDS\cyclonedds-master\src\core\ddsi\include\dds\ddsi\ddsi_init.h">
      <Filter>Header Files</Filter>
    </ClInclude>
    <ClInclude Include="D:\项目\Simulater_FreeRTOS_CycloneDDS\cyclonedds-master\src\core\ddsi\include\dds\ddsi\ddsi_sockwaitset.h">
      <Filter>Header Files</Filter>
    </ClInclude>
    <ClInclude Include="D:\项目\Simulater_FreeRTOS_CycloneDDS\cyclonedds-master\src\core\ddsi\include\dds\ddsi\ddsi_thread.h">
      <Filter>Header Files</Filter>
    </ClInclude>
    <ClInclude Include="D:\项目\Simulater_FreeRTOS_CycloneDDS\cyclonedds-master\src\core\ddsi\include\dds\ddsi\ddsi_transmit.h">
      <Filter>Header Files</Filter>
    </ClInclude>
    <ClInclude Include="D:\项目\Simulater_FreeRTOS_CycloneDDS\cyclonedds-master\src\core\ddsi\include\dds\ddsi\ddsi_unused.h">
      <Filter>Header Files</Filter>
    </ClInclude>
    <ClInclude Include="D:\项目\Simulater_FreeRTOS_CycloneDDS\cyclonedds-master\src\core\ddsi\include\dds\ddsi\ddsi_whc.h">
      <Filter>Header Files</Filter>
    </ClInclude>
    <ClInclude Include="D:\项目\Simulater_FreeRTOS_CycloneDDS\cyclonedds-master\src\core\ddsi\include\dds\ddsi\ddsi_xevent.h">
      <Filter>Header Files</Filter>
    </ClInclude>
    <ClInclude Include="D:\项目\Simulater_FreeRTOS_CycloneDDS\cyclonedds-master\src\core\ddsi\include\dds\ddsi\ddsi_xmsg.h">
      <Filter>Header Files</Filter>
    </ClInclude>
    <ClInclude Include="D:\项目\Simulater_FreeRTOS_CycloneDDS\cyclonedds-master\src\core\ddsi\include\dds\ddsi\ddsi_psmx.h">
      <Filter>Header Files</Filter>
    </ClInclude>
    <ClInclude Include="D:\项目\Simulater_FreeRTOS_CycloneDDS\cyclonedds-master\src\core\ddsi\include\dds\ddsi\ddsi_lifespan.h">
      <Filter>Header Files</Filter>
    </ClInclude>
    <ClInclude Include="D:\项目\Simulater_FreeRTOS_CycloneDDS\cyclonedds-master\src\core\ddsc\src\dds__builtin.h">
      <Filter>Header Files</Filter>
    </ClInclude>
    <ClInclude Include="D:\项目\Simulater_FreeRTOS_CycloneDDS\cyclonedds-master\src\core\ddsc\src\dds__domain.h">
      <Filter>Header Files</Filter>
    </ClInclude>
    <ClInclude Include="D:\项目\Simulater_FreeRTOS_CycloneDDS\cyclonedds-master\src\core\ddsc\src\dds__handles.h">
      <Filter>Header Files</Filter>
    </ClInclude>
    <ClInclude Include="D:\项目\Simulater_FreeRTOS_CycloneDDS\cyclonedds-master\src\core\ddsc\src\dds__entity.h">
      <Filter>Header Files</Filter>
    </ClInclude>
    <ClInclude Include="D:\项目\Simulater_FreeRTOS_CycloneDDS\cyclonedds-master\src\core\ddsc\src\dds__init.h">
      <Filter>Header Files</Filter>
    </ClInclude>
    <ClInclude Include="D:\项目\Simulater_FreeRTOS_CycloneDDS\cyclonedds-master\src\core\ddsc\src\dds__listener.h">
      <Filter>Header Files</Filter>
    </ClInclude>
    <ClInclude Include="D:\项目\Simulater_FreeRTOS_CycloneDDS\cyclonedds-master\src\core\ddsc\src\dds__participant.h">
      <Filter>Header Files</Filter>
    </ClInclude>
    <ClInclude Include="D:\项目\Simulater_FreeRTOS_CycloneDDS\cyclonedds-master\src\core\ddsc\src\dds__publisher.h">
      <Filter>Header Files</Filter>
    </ClInclude>
    <ClInclude Include="D:\项目\Simulater_FreeRTOS_CycloneDDS\cyclonedds-master\src\core\ddsc\src\dds__qos.h">
      <Filter>Header Files</Filter>
    </ClInclude>
    <ClInclude Include="D:\项目\Simulater_FreeRTOS_CycloneDDS\cyclonedds-master\src\core\ddsc\src\dds__readcond.h">
      <Filter>Header Files</Filter>
    </ClInclude>
    <ClInclude Include="D:\项目\Simulater_FreeRTOS_CycloneDDS\cyclonedds-master\src\core\ddsc\src\dds__guardcond.h">
      <Filter>Header Files</Filter>
    </ClInclude>
    <ClInclude Include="D:\项目\Simulater_FreeRTOS_CycloneDDS\cyclonedds-master\src\core\ddsc\src\dds__read.h">
      <Filter>Header Files</Filter>
    </ClInclude>
    <ClInclude Include="D:\项目\Simulater_FreeRTOS_CycloneDDS\cyclonedds-master\src\core\ddsc\src\dds__reader.h">
      <Filter>Header Files</Filter>
    </ClInclude>
    <ClInclude Include="D:\项目\Simulater_FreeRTOS_CycloneDDS\cyclonedds-master\src\core\ddsc\src\dds__rhc_default.h">
      <Filter>Header Files</Filter>
    </ClInclude>
    <ClInclude Include="D:\项目\Simulater_FreeRTOS_CycloneDDS\cyclonedds-master\src\core\ddsc\src\dds__statistics.h">
      <Filter>Header Files</Filter>
    </ClInclude>
    <ClInclude Include="D:\项目\Simulater_FreeRTOS_CycloneDDS\cyclonedds-master\src\core\ddsc\src\dds__subscriber.h">
      <Filter>Header Files</Filter>
    </ClInclude>
    <ClInclude Include="D:\项目\Simulater_FreeRTOS_CycloneDDS\cyclonedds-master\src\core\ddsc\src\dds__topic.h">
      <Filter>Header Files</Filter>
    </ClInclude>
    <ClInclude Include="D:\项目\Simulater_FreeRTOS_CycloneDDS\cyclonedds-master\src\core\ddsc\src\dds__types.h">
      <Filter>Header Files</Filter>
    </ClInclude>
    <ClInclude Include="D:\项目\Simulater_FreeRTOS_CycloneDDS\cyclonedds-master\src\core\ddsc\src\dds__write.h">
      <Filter>Header Files</Filter>
    </ClInclude>
    <ClInclude Include="D:\项目\Simulater_FreeRTOS_CycloneDDS\cyclonedds-master\src\core\ddsc\src\dds__writer.h">
      <Filter>Header Files</Filter>
    </ClInclude>
    <ClInclude Include="D:\项目\Simulater_FreeRTOS_CycloneDDS\cyclonedds-master\src\core\ddsc\src\dds__whc.h">
      <Filter>Header Files</Filter>
    </ClInclude>
    <ClInclude Include="D:\项目\Simulater_FreeRTOS_CycloneDDS\cyclonedds-master\src\core\ddsc\src\dds__whc_builtintopic.h">
      <Filter>Header Files</Filter>
    </ClInclude>
    <ClInclude Include="D:\项目\Simulater_FreeRTOS_CycloneDDS\cyclonedds-master\src\core\ddsc\src\dds__serdata_builtintopic.h">
      <Filter>Header Files</Filter>
    </ClInclude>
    <ClInclude Include="D:\项目\Simulater_FreeRTOS_CycloneDDS\cyclonedds-master\src\core\ddsc\src\dds__serdata_default.h">
      <Filter>Header Files</Filter>
    </ClInclude>
    <ClInclude Include="D:\项目\Simulater_FreeRTOS_CycloneDDS\cyclonedds-master\src\core\ddsc\src\dds__get_status.h">
      <Filter>Header Files</Filter>
    </ClInclude>
    <ClInclude Include="D:\项目\Simulater_FreeRTOS_CycloneDDS\cyclonedds-master\src\core\ddsc\src\dds__loaned_sample.h">
      <Filter>Header Files</Filter>
    </ClInclude>
    <ClInclude Include="D:\项目\Simulater_FreeRTOS_CycloneDDS\cyclonedds-master\src\core\ddsc\src\dds__heap_loan.h">
      <Filter>Header Files</Filter>
    </ClInclude>
    <ClInclude Include="D:\项目\Simulater_FreeRTOS_CycloneDDS\cyclonedds-master\src\core\ddsc\src\dds__psmx.h">
      <Filter>Header Files</Filter>
    </ClInclude>
    <ClInclude Include="D:\项目\Simulater_FreeRTOS_CycloneDDS\cyclonedds-master\src\core\ddsc\src\dds__sysdef_model.h">
      <Filter>Header Files</Filter>
    </ClInclude>
    <ClInclude Include="D:\项目\Simulater_FreeRTOS_CycloneDDS\cyclonedds-master\src\core\ddsc\src\dds__sysdef_parser.h">
      <Filter>Header Files</Filter>
    </ClInclude>
    <ClInclude Include="D:\项目\Simulater_FreeRTOS_CycloneDDS\cyclonedds-master\src\core\ddsc\src\dds__sysdef_validation.h">
      <Filter>Header Files</Filter>
    </ClInclude>
    <ClInclude Include="D:\项目\Simulater_FreeRTOS_CycloneDDS\cyclonedds-master\src\core\ddsc\src\dds__qos_provider.h">
      <Filter>Header Files</Filter>
    </ClInclude>
    <ClInclude Include="D:\项目\Simulater_FreeRTOS_CycloneDDS\cyclonedds-master\src\core\ddsc\include\dds\dds.h">
      <Filter>Header Files</Filter>
    </ClInclude>
    <ClInclude Include="D:\项目\Simulater_FreeRTOS_CycloneDDS\cyclonedds-master\src\core\ddsc\include\dds\ddsc\dds_public_error.h">
      <Filter>Header Files</Filter>
    </ClInclude>
    <ClInclude Include="D:\项目\Simulater_FreeRTOS_CycloneDDS\cyclonedds-master\src\core\ddsc\include\dds\ddsc\dds_public_impl.h">
      <Filter>Header Files</Filter>
    </ClInclude>
    <ClInclude Include="D:\项目\Simulater_FreeRTOS_CycloneDDS\cyclonedds-master\src\core\ddsc\include\dds\ddsc\dds_public_listener.h">
      <Filter>Header Files</Filter>
    </ClInclude>
    <ClInclude Include="D:\项目\Simulater_FreeRTOS_CycloneDDS\cyclonedds-master\src\core\ddsc\include\dds\ddsc\dds_public_loan_api.h">
      <Filter>Header Files</Filter>
    </ClInclude>
    <ClInclude Include="D:\项目\Simulater_FreeRTOS_CycloneDDS\cyclonedds-master\src\core\ddsc\include\dds\ddsc\dds_public_qos.h">
      <Filter>Header Files</Filter>
    </ClInclude>
    <ClInclude Include="D:\项目\Simulater_FreeRTOS_CycloneDDS\cyclonedds-master\src\core\ddsc\include\dds\ddsc\dds_public_qosdefs.h">
      <Filter>Header Files</Filter>
    </ClInclude>
    <ClInclude Include="D:\项目\Simulater_FreeRTOS_CycloneDDS\cyclonedds-master\src\core\ddsc\include\dds\ddsc\dds_public_status.h">
      <Filter>Header Files</Filter>
    </ClInclude>
    <ClInclude Include="D:\项目\Simulater_FreeRTOS_CycloneDDS\cyclonedds-master\src\core\ddsc\include\dds\ddsc\dds_statistics.h">
      <Filter>Header Files</Filter>
    </ClInclude>
    <ClInclude Include="D:\项目\Simulater_FreeRTOS_CycloneDDS\cyclonedds-master\src\core\ddsc\include\dds\ddsc\dds_rhc.h">
      <Filter>Header Files</Filter>
    </ClInclude>
    <ClInclude Include="D:\项目\Simulater_FreeRTOS_CycloneDDS\cyclonedds-master\src\core\ddsc\include\dds\ddsc\dds_internal_api.h">
      <Filter>Header Files</Filter>
    </ClInclude>
    <ClInclude Include="D:\项目\Simulater_FreeRTOS_CycloneDDS\cyclonedds-master\src\core\ddsc\include\dds\ddsc\dds_opcodes.h">
      <Filter>Header Files</Filter>
    </ClInclude>
    <ClInclude Include="D:\项目\Simulater_FreeRTOS_CycloneDDS\cyclonedds-master\src\core\ddsc\include\dds\ddsc\dds_loaned_sample.h">
      <Filter>Header Files</Filter>
    </ClInclude>
    <ClInclude Include="D:\项目\Simulater_FreeRTOS_CycloneDDS\cyclonedds-master\src\core\ddsc\include\dds\ddsc\dds_psmx.h">
      <Filter>Header Files</Filter>
    </ClInclude>
    <ClInclude Include="D:\项目\Simulater_FreeRTOS_CycloneDDS\cyclonedds-master\src\core\ddsc\include\dds\ddsc\dds_data_type_properties.h">
      <Filter>Header Files</Filter>
    </ClInclude>
    <ClInclude Include="D:\项目\Simulater_FreeRTOS_CycloneDDS\cyclonedds-master\src\core\ddsc\include\dds\ddsc\dds_public_qos_provider.h">
      <Filter>Header Files</Filter>
    </ClInclude>
    <ClInclude Include="D:\项目\Simulater_FreeRTOS_CycloneDDS\cyclonedds-master\build_freertos\src\core\include\dds\export.h">
      <Filter>Header Files</Filter>
    </ClInclude>
    <ClInclude Include="D:\项目\Simulater_FreeRTOS_CycloneDDS\cyclonedds-master\build_freertos\src\ddsrt\include\dds\config.h">
      <Filter>Header Files</Filter>
    </ClInclude>
    <ClInclude Include="D:\项目\Simulater_FreeRTOS_CycloneDDS\cyclonedds-master\src\ddsrt\include\dds\ddsrt\avl.h">
      <Filter>Header Files</Filter>
    </ClInclude>
    <ClInclude Include="D:\项目\Simulater_FreeRTOS_CycloneDDS\cyclonedds-master\src\ddsrt\include\dds\ddsrt\bits.h">
      <Filter>Header Files</Filter>
    </ClInclude>
    <ClInclude Include="D:\项目\Simulater_FreeRTOS_CycloneDDS\cyclonedds-master\src\ddsrt\include\dds\ddsrt\fibheap.h">
      <Filter>Header Files</Filter>
    </ClInclude>
    <ClInclude Include="D:\项目\Simulater_FreeRTOS_CycloneDDS\cyclonedds-master\src\ddsrt\include\dds\ddsrt\hopscotch.h">
      <Filter>Header Files</Filter>
    </ClInclude>
    <ClInclude Include="D:\项目\Simulater_FreeRTOS_CycloneDDS\cyclonedds-master\src\ddsrt\include\dds\ddsrt\log.h">
      <Filter>Header Files</Filter>
    </ClInclude>
    <ClInclude Include="D:\项目\Simulater_FreeRTOS_CycloneDDS\cyclonedds-master\src\ddsrt\include\dds\ddsrt\retcode.h">
      <Filter>Header Files</Filter>
    </ClInclude>
    <ClInclude Include="D:\项目\Simulater_FreeRTOS_CycloneDDS\cyclonedds-master\src\ddsrt\include\dds\ddsrt\attributes.h">
      <Filter>Header Files</Filter>
    </ClInclude>
    <ClInclude Include="D:\项目\Simulater_FreeRTOS_CycloneDDS\cyclonedds-master\src\ddsrt\include\dds\ddsrt\endian.h">
      <Filter>Header Files</Filter>
    </ClInclude>
    <ClInclude Include="D:\项目\Simulater_FreeRTOS_CycloneDDS\cyclonedds-master\src\ddsrt\include\dds\ddsrt\arch.h">
      <Filter>Header Files</Filter>
    </ClInclude>
    <ClInclude Include="D:\项目\Simulater_FreeRTOS_CycloneDDS\cyclonedds-master\src\ddsrt\include\dds\ddsrt\misc.h">
      <Filter>Header Files</Filter>
    </ClInclude>
    <ClInclude Include="D:\项目\Simulater_FreeRTOS_CycloneDDS\cyclonedds-master\src\ddsrt\include\dds\ddsrt\mh3.h">
      <Filter>Header Files</Filter>
    </ClInclude>
    <ClInclude Include="D:\项目\Simulater_FreeRTOS_CycloneDDS\cyclonedds-master\src\ddsrt\include\dds\ddsrt\io.h">
      <Filter>Header Files</Filter>
    </ClInclude>
    <ClInclude Include="D:\项目\Simulater_FreeRTOS_CycloneDDS\cyclonedds-master\src\ddsrt\include\dds\ddsrt\process.h">
      <Filter>Header Files</Filter>
    </ClInclude>
    <ClInclude Include="D:\项目\Simulater_FreeRTOS_CycloneDDS\cyclonedds-master\src\ddsrt\include\dds\ddsrt\sched.h">
      <Filter>Header Files</Filter>
    </ClInclude>
    <ClInclude Include="D:\项目\Simulater_FreeRTOS_CycloneDDS\cyclonedds-master\src\ddsrt\include\dds\ddsrt\strtod.h">
      <Filter>Header Files</Filter>
    </ClInclude>
    <ClInclude Include="D:\项目\Simulater_FreeRTOS_CycloneDDS\cyclonedds-master\src\ddsrt\include\dds\ddsrt\strtol.h">
      <Filter>Header Files</Filter>
    </ClInclude>
    <ClInclude Include="D:\项目\Simulater_FreeRTOS_CycloneDDS\cyclonedds-master\src\ddsrt\include\dds\ddsrt\types.h">
      <Filter>Header Files</Filter>
    </ClInclude>
    <ClInclude Include="D:\项目\Simulater_FreeRTOS_CycloneDDS\cyclonedds-master\src\ddsrt\include\dds\ddsrt\countargs.h">
      <Filter>Header Files</Filter>
    </ClInclude>
    <ClInclude Include="D:\项目\Simulater_FreeRTOS_CycloneDDS\cyclonedds-master\src\ddsrt\include\dds\ddsrt\foreach.h">
      <Filter>Header Files</Filter>
    </ClInclude>
    <ClInclude Include="D:\项目\Simulater_FreeRTOS_CycloneDDS\cyclonedds-master\src\ddsrt\include\dds\ddsrt\static_assert.h">
      <Filter>Header Files</Filter>
    </ClInclude>
    <ClInclude Include="D:\项目\Simulater_FreeRTOS_CycloneDDS\cyclonedds-master\src\ddsrt\include\dds\ddsrt\circlist.h">
      <Filter>Header Files</Filter>
    </ClInclude>
    <ClInclude Include="D:\项目\Simulater_FreeRTOS_CycloneDDS\cyclonedds-master\src\ddsrt\include\dds\ddsrt\atomics.h">
      <Filter>Header Files</Filter>
    </ClInclude>
    <ClInclude Include="D:\项目\Simulater_FreeRTOS_CycloneDDS\cyclonedds-master\src\ddsrt\include\dds\ddsrt\atomics\arm.h">
      <Filter>Header Files</Filter>
    </ClInclude>
    <ClInclude Include="D:\项目\Simulater_FreeRTOS_CycloneDDS\cyclonedds-master\src\ddsrt\include\dds\ddsrt\atomics\gcc.h">
      <Filter>Header Files</Filter>
    </ClInclude>
    <ClInclude Include="D:\项目\Simulater_FreeRTOS_CycloneDDS\cyclonedds-master\src\ddsrt\include\dds\ddsrt\atomics\msvc.h">
      <Filter>Header Files</Filter>
    </ClInclude>
    <ClInclude Include="D:\项目\Simulater_FreeRTOS_CycloneDDS\cyclonedds-master\src\ddsrt\include\dds\ddsrt\atomics\sun.h">
      <Filter>Header Files</Filter>
    </ClInclude>
    <ClInclude Include="D:\项目\Simulater_FreeRTOS_CycloneDDS\cyclonedds-master\src\ddsrt\include\dds\ddsrt\dynlib.h">
      <Filter>Header Files</Filter>
    </ClInclude>
    <ClInclude Include="D:\项目\Simulater_FreeRTOS_CycloneDDS\cyclonedds-master\src\ddsrt\include\dds\ddsrt\environ.h">
      <Filter>Header Files</Filter>
    </ClInclude>
    <ClInclude Include="D:\项目\Simulater_FreeRTOS_CycloneDDS\cyclonedds-master\src\ddsrt\include\dds\ddsrt\heap.h">
      <Filter>Header Files</Filter>
    </ClInclude>
    <ClInclude Include="D:\项目\Simulater_FreeRTOS_CycloneDDS\cyclonedds-master\src\ddsrt\include\dds\ddsrt\ifaddrs.h">
      <Filter>Header Files</Filter>
    </ClInclude>
    <ClInclude Include="D:\项目\Simulater_FreeRTOS_CycloneDDS\cyclonedds-master\src\ddsrt\include\dds\ddsrt\md5.h">
      <Filter>Header Files</Filter>
    </ClInclude>
    <ClInclude Include="D:\项目\Simulater_FreeRTOS_CycloneDDS\cyclonedds-master\src\ddsrt\include\dds\ddsrt\netstat.h">
      <Filter>Header Files</Filter>
    </ClInclude>
    <ClInclude Include="D:\项目\Simulater_FreeRTOS_CycloneDDS\cyclonedds-master\src\ddsrt\include\dds\ddsrt\string.h">
      <Filter>Header Files</Filter>
    </ClInclude>
    <ClInclude Include="D:\项目\Simulater_FreeRTOS_CycloneDDS\cyclonedds-master\src\ddsrt\include\dds\ddsrt\sockets.h">
      <Filter>Header Files</Filter>
    </ClInclude>
    <ClInclude Include="D:\项目\Simulater_FreeRTOS_CycloneDDS\cyclonedds-master\src\ddsrt\src\sockets_priv.h">
      <Filter>Header Files</Filter>
    </ClInclude>
    <ClInclude Include="D:\项目\Simulater_FreeRTOS_CycloneDDS\cyclonedds-master\src\ddsrt\include\dds\ddsrt\threads.h">
      <Filter>Header Files</Filter>
    </ClInclude>
    <ClInclude Include="D:\项目\Simulater_FreeRTOS_CycloneDDS\cyclonedds-master\src\ddsrt\src\threads_priv.h">
      <Filter>Header Files</Filter>
    </ClInclude>
    <ClInclude Include="D:\项目\Simulater_FreeRTOS_CycloneDDS\cyclonedds-master\src\ddsrt\include\dds\ddsrt\cdtors.h">
      <Filter>Header Files</Filter>
    </ClInclude>
    <ClInclude Include="D:\项目\Simulater_FreeRTOS_CycloneDDS\cyclonedds-master\src\ddsrt\include\dds\ddsrt\random.h">
      <Filter>Header Files</Filter>
    </ClInclude>
    <ClInclude Include="D:\项目\Simulater_FreeRTOS_CycloneDDS\cyclonedds-master\src\ddsrt\include\dds\ddsrt\align.h">
      <Filter>Header Files</Filter>
    </ClInclude>
    <ClInclude Include="D:\项目\Simulater_FreeRTOS_CycloneDDS\cyclonedds-master\src\ddsrt\include\dds\ddsrt\sockets\windows.h">
      <Filter>Header Files</Filter>
    </ClInclude>
    <ClInclude Include="D:\项目\Simulater_FreeRTOS_CycloneDDS\cyclonedds-master\src\ddsrt\include\dds\ddsrt\sync\freertos.h">
      <Filter>Header Files</Filter>
    </ClInclude>
    <ClInclude Include="D:\项目\Simulater_FreeRTOS_CycloneDDS\cyclonedds-master\src\ddsrt\include\dds\ddsrt\threads\freertos.h">
      <Filter>Header Files</Filter>
    </ClInclude>
    <ClInclude Include="D:\项目\Simulater_FreeRTOS_CycloneDDS\cyclonedds-master\src\ddsrt\include\dds\ddsrt\time\freertos.h">
      <Filter>Header Files</Filter>
    </ClInclude>
    <ClInclude Include="D:\项目\Simulater_FreeRTOS_CycloneDDS\cyclonedds-master\build_freertos\src\ddsrt\include\dds\features.h">
      <Filter>Header Files</Filter>
    </ClInclude>
    <ClInclude Include="D:\项目\Simulater_FreeRTOS_CycloneDDS\cyclonedds-master\build_freertos\src\ddsrt\include\dds\version.h">
      <Filter>Header Files</Filter>
    </ClInclude>
  </ItemGroup>
  <ItemGroup>
    <CustomBuild Include="D:\项目\Simulater_FreeRTOS_CycloneDDS\cyclonedds-master\src\core\CMakeLists.txt" />
  </ItemGroup>
  <ItemGroup>
    <Filter Include="Header Files">
      <UniqueIdentifier>{A0704662-DD26-33D9-A48F-28D541BCCD79}</UniqueIdentifier>
    </Filter>
    <Filter Include="Source Files">
      <UniqueIdentifier>{10D1A56B-0A41-3ED6-B58D-4584B18C5275}</UniqueIdentifier>
    </Filter>
  </ItemGroup>
</Project>
